
Microsoft Visual Studio Solution File, Format Version 12.00
# Visual Studio 15
VisualStudioVersion = 15.0.28307.271
MinimumVisualStudioVersion = 10.0.40219.1
Project("{FAE04EC0-301F-11D3-BF4B-00C04F79EFBC}") = "EfTest", "EfTest\EfTest.csproj", "{397FE34D-3594-4873-9465-53265F75ACB7}"
EndProject
Global
	GlobalSection(SolutionConfigurationPlatforms) = preSolution
		Debug|Any CPU = Debug|Any CPU
		Release|Any CPU = Release|Any CPU
	EndGlobalSection
	GlobalSection(ProjectConfigurationPlatforms) = postSolution
		{397FE34D-3594-4873-9465-53265F75ACB7}.Debug|Any CPU.ActiveCfg = Debug|Any CPU
		{397FE34D-3594-4873-9465-53265F75ACB7}.Debug|Any CPU.Build.0 = Debug|Any CPU
		{397FE34D-3594-4873-9465-53265F75ACB7}.Release|Any CPU.ActiveCfg = Release|Any CPU
		{397FE34D-3594-4873-9465-53265F75ACB7}.Release|Any CPU.Build.0 = Release|Any CPU
	EndGlobalSection
	GlobalSection(SolutionProperties) = preSolution
		HideSolutionNode = FALSE
	EndGlobalSection
	GlobalSection(ExtensibilityGlobals) = postSolution
		SolutionGuid = {6E5AB911-3921-432E-B845-76003E7E66F8}
	EndGlobalSection
EndGlobal
